
Microsoft Visual Studio Solution File, Format Version 12.00
# Visual Studio Version 17
VisualStudioVersion = 17.0.32112.339
MinimumVisualStudioVersion = 10.0.40219.1
Project("{9A19103F-16F7-4668-BE54-9A1E7A4F7556}") = "GetSupplierFunc_AzureTBL", "GetSupplierFunc_AzureTBL\GetSupplierFunc_AzureTBL.csproj", "{1CF2D990-5902-49E9-86B1-BB6C5CB20F4A}"
EndProject
Project("{FAE04EC0-301F-11D3-BF4B-00C04F79EFBC}") = "Supplier_AzureTBLRModel", "..\AzureProjWebApp\Supplier_AzureTBLRModel\Supplier_AzureTBLRModel.csproj", "{7B609400-C4E7-4F2F-8442-C9F560FD54FA}"
EndProject
Global
	GlobalSection(SolutionConfigurationPlatforms) = preSolution
		Debug|Any CPU = Debug|Any CPU
		Release|Any CPU = Release|Any CPU
	EndGlobalSection
	GlobalSection(ProjectConfigurationPlatforms) = postSolution
		{1CF2D990-5902-49E9-86B1-BB6C5CB20F4A}.Debug|Any CPU.ActiveCfg = Debug|Any CPU
		{1CF2D990-5902-49E9-86B1-BB6C5CB20F4A}.Debug|Any CPU.Build.0 = Debug|Any CPU
		{1CF2D990-5902-49E9-86B1-BB6C5CB20F4A}.Release|Any CPU.ActiveCfg = Release|Any CPU
		{1CF2D990-5902-49E9-86B1-BB6C5CB20F4A}.Release|Any CPU.Build.0 = Release|Any CPU
		{7B609400-C4E7-4F2F-8442-C9F560FD54FA}.Debug|Any CPU.ActiveCfg = Debug|Any CPU
		{7B609400-C4E7-4F2F-8442-C9F560FD54FA}.Debug|Any CPU.Build.0 = Debug|Any CPU
		{7B609400-C4E7-4F2F-8442-C9F560FD54FA}.Release|Any CPU.ActiveCfg = Release|Any CPU
		{7B609400-C4E7-4F2F-8442-C9F560FD54FA}.Release|Any CPU.Build.0 = Release|Any CPU
	EndGlobalSection
	GlobalSection(SolutionProperties) = preSolution
		HideSolutionNode = FALSE
	EndGlobalSection
	GlobalSection(ExtensibilityGlobals) = postSolution
		SolutionGuid = {0DA85EA2-8ED2-4A1B-B37D-59395A5ADDF5}
	EndGlobalSection
EndGlobal
